
Microsoft Visual Studio Solution File, Format Version 12.00
# Visual Studio 15
VisualStudioVersion = 15.0.26403.7
MinimumVisualStudioVersion = 10.0.40219.1
Project("{FAE04EC0-301F-11D3-BF4B-00C04F79EFBC}") = "MessageBoard", "MessageBoard\MessageBoard.csproj", "{FE91AACD-D207-4B1F-A177-686EB4F711A0}"
EndProject
Project("{FAE04EC0-301F-11D3-BF4B-00C04F79EFBC}") = "MessageBoard.Tests", "MessageBoard.Tests\MessageBoard.Tests.csproj", "{78336FAF-9120-4C80-93B1-9AA664405F64}"
EndProject
Global
	GlobalSection(SolutionConfigurationPlatforms) = preSolution
		Debug|Any CPU = Debug|Any CPU
		Release|Any CPU = Release|Any CPU
	EndGlobalSection
	GlobalSection(ProjectConfigurationPlatforms) = postSolution
		{FE91AACD-D207-4B1F-A177-686EB4F711A0}.Debug|Any CPU.ActiveCfg = Debug|Any CPU
		{FE91AACD-D207-4B1F-A177-686EB4F711A0}.Debug|Any CPU.Build.0 = Debug|Any CPU
		{FE91AACD-D207-4B1F-A177-686EB4F711A0}.Release|Any CPU.ActiveCfg = Release|Any CPU
		{FE91AACD-D207-4B1F-A177-686EB4F711A0}.Release|Any CPU.Build.0 = Release|Any CPU
		{78336FAF-9120-4C80-93B1-9AA664405F64}.Debug|Any CPU.ActiveCfg = Debug|Any CPU
		{78336FAF-9120-4C80-93B1-9AA664405F64}.Debug|Any CPU.Build.0 = Debug|Any CPU
		{78336FAF-9120-4C80-93B1-9AA664405F64}.Release|Any CPU.ActiveCfg = Release|Any CPU
		{78336FAF-9120-4C80-93B1-9AA664405F64}.Release|Any CPU.Build.0 = Release|Any CPU
	EndGlobalSection
	GlobalSection(SolutionProperties) = preSolution
		HideSolutionNode = FALSE
	EndGlobalSection
EndGlobal
